
Microsoft Visual Studio Solution File, Format Version 12.00
# Visual Studio Version 16
VisualStudioVersion = 16.0.29215.179
MinimumVisualStudioVersion = 10.0.40219.1
Project("{FAE04EC0-301F-11D3-BF4B-00C04F79EFBC}") = "BloodDonationSystemWebAPI", "BloodDonationSystemWebAPI\BloodDonationSystemWebAPI.csproj", "{12A63379-50F6-457D-8BFB-909618267A12}"
EndProject
Global
	GlobalSection(SolutionConfigurationPlatforms) = preSolution
		Debug|Any CPU = Debug|Any CPU
		Release|Any CPU = Release|Any CPU
	EndGlobalSection
	GlobalSection(ProjectConfigurationPlatforms) = postSolution
		{12A63379-50F6-457D-8BFB-909618267A12}.Debug|Any CPU.ActiveCfg = Debug|Any CPU
		{12A63379-50F6-457D-8BFB-909618267A12}.Debug|Any CPU.Build.0 = Debug|Any CPU
		{12A63379-50F6-457D-8BFB-909618267A12}.Release|Any CPU.ActiveCfg = Release|Any CPU
		{12A63379-50F6-457D-8BFB-909618267A12}.Release|Any CPU.Build.0 = Release|Any CPU
	EndGlobalSection
	GlobalSection(SolutionProperties) = preSolution
		HideSolutionNode = FALSE
	EndGlobalSection
	GlobalSection(ExtensibilityGlobals) = postSolution
		SolutionGuid = {F2D79E8D-4A0D-4E83-A02B-B484DD23A146}
	EndGlobalSection
EndGlobal
