
Microsoft Visual Studio Solution File, Format Version 12.00
# Visual Studio Version 16
VisualStudioVersion = 16.0.29215.179
MinimumVisualStudioVersion = 10.0.40219.1
Project("{FAE04EC0-301F-11D3-BF4B-00C04F79EFBC}") = "BloodDonationSystemWebAPI", "BloodDonationSystemWebAPI\BloodDonationSystemWebAPI.csproj", "{12A63379-50F6-457D-8BFB-909618267A12}"
EndProject
Project("{FAE04EC0-301F-11D3-BF4B-00C04F79EFBC}") = "BloodDonationSystemMobileApp.Android", "BloodDonationSystemMobileApp\BloodDonationSystemMobileApp.Android\BloodDonationSystemMobileApp.Android.csproj", "{77764347-900A-4904-8DA5-20F191EB91CA}"
EndProject
Project("{FAE04EC0-301F-11D3-BF4B-00C04F79EFBC}") = "BloodDonationSystemMobileApp.iOS", "BloodDonationSystemMobileApp\BloodDonationSystemMobileApp.iOS\BloodDonationSystemMobileApp.iOS.csproj", "{00FC4D95-A425-49D3-BC7F-1C376B73E1EC}"
EndProject
Project("{FAE04EC0-301F-11D3-BF4B-00C04F79EFBC}") = "BloodDonationSystemMobileApp", "BloodDonationSystemMobileApp\BloodDonationSystemMobileApp\BloodDonationSystemMobileApp.csproj", "{00F899A7-943F-46AB-B258-40E8CF95A9E9}"
EndProject
Global
	GlobalSection(SolutionConfigurationPlatforms) = preSolution
		Debug|Any CPU = Debug|Any CPU
		Debug|iPhone = Debug|iPhone
		Debug|iPhoneSimulator = Debug|iPhoneSimulator
		Release|Any CPU = Release|Any CPU
		Release|iPhone = Release|iPhone
		Release|iPhoneSimulator = Release|iPhoneSimulator
	EndGlobalSection
	GlobalSection(ProjectConfigurationPlatforms) = postSolution
		{12A63379-50F6-457D-8BFB-909618267A12}.Debug|Any CPU.ActiveCfg = Debug|Any CPU
		{12A63379-50F6-457D-8BFB-909618267A12}.Debug|Any CPU.Build.0 = Debug|Any CPU
		{12A63379-50F6-457D-8BFB-909618267A12}.Debug|iPhone.ActiveCfg = Debug|Any CPU
		{12A63379-50F6-457D-8BFB-909618267A12}.Debug|iPhone.Build.0 = Debug|Any CPU
		{12A63379-50F6-457D-8BFB-909618267A12}.Debug|iPhoneSimulator.ActiveCfg = Debug|Any CPU
		{12A63379-50F6-457D-8BFB-909618267A12}.Debug|iPhoneSimulator.Build.0 = Debug|Any CPU
		{12A63379-50F6-457D-8BFB-909618267A12}.Release|Any CPU.ActiveCfg = Release|Any CPU
		{12A63379-50F6-457D-8BFB-909618267A12}.Release|Any CPU.Build.0 = Release|Any CPU
		{12A63379-50F6-457D-8BFB-909618267A12}.Release|iPhone.ActiveCfg = Release|Any CPU
		{12A63379-50F6-457D-8BFB-909618267A12}.Release|iPhone.Build.0 = Release|Any CPU
		{12A63379-50F6-457D-8BFB-909618267A12}.Release|iPhoneSimulator.ActiveCfg = Release|Any CPU
		{12A63379-50F6-457D-8BFB-909618267A12}.Release|iPhoneSimulator.Build.0 = Release|Any CPU
		{77764347-900A-4904-8DA5-20F191EB91CA}.Debug|Any CPU.ActiveCfg = Debug|Any CPU
		{77764347-900A-4904-8DA5-20F191EB91CA}.Debug|Any CPU.Build.0 = Debug|Any CPU
		{77764347-900A-4904-8DA5-20F191EB91CA}.Debug|Any CPU.Deploy.0 = Debug|Any CPU
		{77764347-900A-4904-8DA5-20F191EB91CA}.Debug|iPhone.ActiveCfg = Debug|Any CPU
		{77764347-900A-4904-8DA5-20F191EB91CA}.Debug|iPhone.Build.0 = Debug|Any CPU
		{77764347-900A-4904-8DA5-20F191EB91CA}.Debug|iPhone.Deploy.0 = Debug|Any CPU
		{77764347-900A-4904-8DA5-20F191EB91CA}.Debug|iPhoneSimulator.ActiveCfg = Debug|Any CPU
		{77764347-900A-4904-8DA5-20F191EB91CA}.Debug|iPhoneSimulator.Build.0 = Debug|Any CPU
		{77764347-900A-4904-8DA5-20F191EB91CA}.Debug|iPhoneSimulator.Deploy.0 = Debug|Any CPU
		{77764347-900A-4904-8DA5-20F191EB91CA}.Release|Any CPU.ActiveCfg = Release|Any CPU
		{77764347-900A-4904-8DA5-20F191EB91CA}.Release|Any CPU.Build.0 = Release|Any CPU
		{77764347-900A-4904-8DA5-20F191EB91CA}.Release|Any CPU.Deploy.0 = Release|Any CPU
		{77764347-900A-4904-8DA5-20F191EB91CA}.Release|iPhone.ActiveCfg = Release|Any CPU
		{77764347-900A-4904-8DA5-20F191EB91CA}.Release|iPhone.Build.0 = Release|Any CPU
		{77764347-900A-4904-8DA5-20F191EB91CA}.Release|iPhone.Deploy.0 = Release|Any CPU
		{77764347-900A-4904-8DA5-20F191EB91CA}.Release|iPhoneSimulator.ActiveCfg = Release|Any CPU
		{77764347-900A-4904-8DA5-20F191EB91CA}.Release|iPhoneSimulator.Build.0 = Release|Any CPU
		{77764347-900A-4904-8DA5-20F191EB91CA}.Release|iPhoneSimulator.Deploy.0 = Release|Any CPU
		{00FC4D95-A425-49D3-BC7F-1C376B73E1EC}.Debug|Any CPU.ActiveCfg = Debug|iPhone
		{00FC4D95-A425-49D3-BC7F-1C376B73E1EC}.Debug|iPhone.ActiveCfg = Debug|iPhone
		{00FC4D95-A425-49D3-BC7F-1C376B73E1EC}.Debug|iPhone.Build.0 = Debug|iPhone
		{00FC4D95-A425-49D3-BC7F-1C376B73E1EC}.Debug|iPhoneSimulator.ActiveCfg = Debug|iPhoneSimulator
		{00FC4D95-A425-49D3-BC7F-1C376B73E1EC}.Debug|iPhoneSimulator.Build.0 = Debug|iPhoneSimulator
		{00FC4D95-A425-49D3-BC7F-1C376B73E1EC}.Release|Any CPU.ActiveCfg = Release|iPhone
		{00FC4D95-A425-49D3-BC7F-1C376B73E1EC}.Release|iPhone.ActiveCfg = Release|iPhone
		{00FC4D95-A425-49D3-BC7F-1C376B73E1EC}.Release|iPhone.Build.0 = Release|iPhone
		{00FC4D95-A425-49D3-BC7F-1C376B73E1EC}.Release|iPhoneSimulator.ActiveCfg = Release|iPhoneSimulator
		{00FC4D95-A425-49D3-BC7F-1C376B73E1EC}.Release|iPhoneSimulator.Build.0 = Release|iPhoneSimulator
		{00F899A7-943F-46AB-B258-40E8CF95A9E9}.Debug|Any CPU.ActiveCfg = Debug|Any CPU
		{00F899A7-943F-46AB-B258-40E8CF95A9E9}.Debug|Any CPU.Build.0 = Debug|Any CPU
		{00F899A7-943F-46AB-B258-40E8CF95A9E9}.Debug|iPhone.ActiveCfg = Debug|Any CPU
		{00F899A7-943F-46AB-B258-40E8CF95A9E9}.Debug|iPhone.Build.0 = Debug|Any CPU
		{00F899A7-943F-46AB-B258-40E8CF95A9E9}.Debug|iPhoneSimulator.ActiveCfg = Debug|Any CPU
		{00F899A7-943F-46AB-B258-40E8CF95A9E9}.Debug|iPhoneSimulator.Build.0 = Debug|Any CPU
		{00F899A7-943F-46AB-B258-40E8CF95A9E9}.Release|Any CPU.ActiveCfg = Release|Any CPU
		{00F899A7-943F-46AB-B258-40E8CF95A9E9}.Release|Any CPU.Build.0 = Release|Any CPU
		{00F899A7-943F-46AB-B258-40E8CF95A9E9}.Release|iPhone.ActiveCfg = Release|Any CPU
		{00F899A7-943F-46AB-B258-40E8CF95A9E9}.Release|iPhone.Build.0 = Release|Any CPU
		{00F899A7-943F-46AB-B258-40E8CF95A9E9}.Release|iPhoneSimulator.ActiveCfg = Release|Any CPU
		{00F899A7-943F-46AB-B258-40E8CF95A9E9}.Release|iPhoneSimulator.Build.0 = Release|Any CPU
	EndGlobalSection
	GlobalSection(SolutionProperties) = preSolution
		HideSolutionNode = FALSE
	EndGlobalSection
	GlobalSection(ExtensibilityGlobals) = postSolution
		SolutionGuid = {F2D79E8D-4A0D-4E83-A02B-B484DD23A146}
	EndGlobalSection
EndGlobal
